
Microsoft Visual Studio Solution File, Format Version 12.00
# Visual Studio 15
VisualStudioVersion = 15.0.28307.421
MinimumVisualStudioVersion = 10.0.40219.1
Project("{FAE04EC0-301F-11D3-BF4B-00C04F79EFBC}") = "Algorithms.Test", "Algorithms.Test\Algorithms.Test.csproj", "{A5A60F2F-C174-4864-BA19-2FD175C696FB}"
EndProject
Project("{FAE04EC0-301F-11D3-BF4B-00C04F79EFBC}") = "Algorithms.Implementation", "Algorithms.Implementation\Algorithms.Implementation.csproj", "{969DD39D-AD98-4F0B-81CE-9D27E73A7E87}"
EndProject
Global
	GlobalSection(SolutionConfigurationPlatforms) = preSolution
		Debug|Any CPU = Debug|Any CPU
		Release|Any CPU = Release|Any CPU
	EndGlobalSection
	GlobalSection(ProjectConfigurationPlatforms) = postSolution
		{A5A60F2F-C174-4864-BA19-2FD175C696FB}.Debug|Any CPU.ActiveCfg = Debug|Any CPU
		{A5A60F2F-C174-4864-BA19-2FD175C696FB}.Debug|Any CPU.Build.0 = Debug|Any CPU
		{A5A60F2F-C174-4864-BA19-2FD175C696FB}.Release|Any CPU.ActiveCfg = Release|Any CPU
		{A5A60F2F-C174-4864-BA19-2FD175C696FB}.Release|Any CPU.Build.0 = Release|Any CPU
		{969DD39D-AD98-4F0B-81CE-9D27E73A7E87}.Debug|Any CPU.ActiveCfg = Debug|Any CPU
		{969DD39D-AD98-4F0B-81CE-9D27E73A7E87}.Debug|Any CPU.Build.0 = Debug|Any CPU
		{969DD39D-AD98-4F0B-81CE-9D27E73A7E87}.Release|Any CPU.ActiveCfg = Release|Any CPU
		{969DD39D-AD98-4F0B-81CE-9D27E73A7E87}.Release|Any CPU.Build.0 = Release|Any CPU
	EndGlobalSection
	GlobalSection(SolutionProperties) = preSolution
		HideSolutionNode = FALSE
	EndGlobalSection
	GlobalSection(ExtensibilityGlobals) = postSolution
		SolutionGuid = {A904DB5E-635C-46E1-8DC8-3F0CDCE388F9}
	EndGlobalSection
EndGlobal
